<Solution>
  <Folder Name="/benchmarks/">
    <Project Path="benchmarks/Rustaveli.Pdf.Benchmarks/Rustaveli.Pdf.Benchmarks.csproj" />
  </Folder>
  <Folder Name="/samples/">
    <Project Path="samples/Rustaveli.Pdf.Gallery/Rustaveli.Pdf.Gallery.csproj" />
  </Folder>
  <Folder Name="/src/">
    <Project Path="src/Rustaveli.Pdf.Raster/Rustaveli.Pdf.Raster.csproj" />
    <Project Path="src/Rustaveli.Pdf/Rustaveli.Pdf.csproj" />
  </Folder>
  <Folder Name="/tests/">
    <Project Path="tests/Rustaveli.Pdf.ConformanceTests/Rustaveli.Pdf.ConformanceTests.csproj" />
    <Project Path="tests/Rustaveli.Pdf.IntegrationTests/Rustaveli.Pdf.IntegrationTests.csproj" />
    <Project Path="tests/Rustaveli.Pdf.UnitTests/Rustaveli.Pdf.UnitTests.csproj" />
  </Folder>
</Solution>
